// !$*UTF8*$!
{
	archiveVersion = 1;
	classes = {
	};
	objectVersion = 50;
	objects = {

/* Begin PBXBuildFile section */
		AD35C38321BE6F64003E3B0C /* AppDelegate.swift in Sources */ = {isa = PBXBuildFile; fileRef = AD35C38221BE6F64003E3B0C /* AppDelegate.swift */; };
		AD35C38A21BE6F65003E3B0C /* Assets.xcassets in Resources */ = {isa = PBXBuildFile; fileRef = AD35C38921BE6F65003E3B0C /* Assets.xcassets */; };
		AD35C38D21BE6F65003E3B0C /* LaunchScreen.storyboard in Resources */ = {isa = PBXBuildFile; fileRef = AD35C38B21BE6F65003E3B0C /* LaunchScreen.storyboard */; };
		AD35C3AC21BE6FC5003E3B0C /* UIImageView+extensions.swift in Sources */ = {isa = PBXBuildFile; fileRef = AD35C3A421BE6FC5003E3B0C /* UIImageView+extensions.swift */; };
		AD35C3AD21BE6FC5003E3B0C /* UIViewController+extensions.swift in Sources */ = {isa = PBXBuildFile; fileRef = AD35C3A521BE6FC5003E3B0C /* UIViewController+extensions.swift */; };
		AD35C3AE21BE6FC5003E3B0C /* UIButton+extensions.swift in Sources */ = {isa = PBXBuildFile; fileRef = AD35C3A621BE6FC5003E3B0C /* UIButton+extensions.swift */; };
		AD35C3AF21BE6FC5003E3B0C /* UIView+extensions.swift in Sources */ = {isa = PBXBuildFile; fileRef = AD35C3A721BE6FC5003E3B0C /* UIView+extensions.swift */; };
		AD35C3B021BE6FC5003E3B0C /* UIScreen+extensions.swift in Sources */ = {isa = PBXBuildFile; fileRef = AD35C3A821BE6FC5003E3B0C /* UIScreen+extensions.swift */; };
		AD35C3B121BE6FC5003E3B0C /* UserDefaults+extensions.swift in Sources */ = {isa = PBXBuildFile; fileRef = AD35C3A921BE6FC5003E3B0C /* UserDefaults+extensions.swift */; };
		AD35C3B221BE6FC5003E3B0C /* UIScrollView+extensions.swift in Sources */ = {isa = PBXBuildFile; fileRef = AD35C3AA21BE6FC5003E3B0C /* UIScrollView+extensions.swift */; };
		AD35C3B321BE6FC5003E3B0C /* Date+extensions.swift in Sources */ = {isa = PBXBuildFile; fileRef = AD35C3AB21BE6FC5003E3B0C /* Date+extensions.swift */; };
/* End PBXBuildFile section */

/* Begin PBXFileReference section */
		AD35C37F21BE6F64003E3B0C /* PPExtensions.app */ = {isa = PBXFileReference; explicitFileType = wrapper.application; includeInIndex = 0; path = PPExtensions.app; sourceTree = BUILT_PRODUCTS_DIR; };
		AD35C38221BE6F64003E3B0C /* AppDelegate.swift */ = {isa = PBXFileReference; lastKnownFileType = sourcecode.swift; path = AppDelegate.swift; sourceTree = "<group>"; };
		AD35C38921BE6F65003E3B0C /* Assets.xcassets */ = {isa = PBXFileReference; lastKnownFileType = folder.assetcatalog; path = Assets.xcassets; sourceTree = "<group>"; };
		AD35C38C21BE6F65003E3B0C /* Base */ = {isa = PBXFileReference; lastKnownFileType = file.storyboard; name = Base; path = Base.lproj/LaunchScreen.storyboard; sourceTree = "<group>"; };
		AD35C38E21BE6F65003E3B0C /* Info.plist */ = {isa = PBXFileReference; lastKnownFileType = text.plist.xml; path = Info.plist; sourceTree = "<group>"; };
		AD35C3A421BE6FC5003E3B0C /* UIImageView+extensions.swift */ = {isa = PBXFileReference; fileEncoding = 4; lastKnownFileType = sourcecode.swift; path = "UIImageView+extensions.swift"; sourceTree = "<group>"; };
		AD35C3A521BE6FC5003E3B0C /* UIViewController+extensions.swift */ = {isa = PBXFileReference; fileEncoding = 4; lastKnownFileType = sourcecode.swift; path = "UIViewController+extensions.swift"; sourceTree = "<group>"; };
		AD35C3A621BE6FC5003E3B0C /* UIButton+extensions.swift */ = {isa = PBXFileReference; fileEncoding = 4; lastKnownFileType = sourcecode.swift; path = "UIButton+extensions.swift"; sourceTree = "<group>"; };
		AD35C3A721BE6FC5003E3B0C /* UIView+extensions.swift */ = {isa = PBXFileReference; fileEncoding = 4; lastKnownFileType = sourcecode.swift; path = "UIView+extensions.swift"; sourceTree = "<group>"; };
		AD35C3A821BE6FC5003E3B0C /* UIScreen+extensions.swift */ = {isa = PBXFileReference; fileEncoding = 4; lastKnownFileType = sourcecode.swift; path = "UIScreen+extensions.swift"; sourceTree = "<group>"; };
		AD35C3A921BE6FC5003E3B0C /* UserDefaults+extensions.swift */ = {isa = PBXFileReference; fileEncoding = 4; lastKnownFileType = sourcecode.swift; path = "UserDefaults+extensions.swift"; sourceTree = "<group>"; };
		AD35C3AA21BE6FC5003E3B0C /* UIScrollView+extensions.swift */ = {isa = PBXFileReference; fileEncoding = 4; lastKnownFileType = sourcecode.swift; path = "UIScrollView+extensions.swift"; sourceTree = "<group>"; };
		AD35C3AB21BE6FC5003E3B0C /* Date+extensions.swift */ = {isa = PBXFileReference; fileEncoding = 4; lastKnownFileType = sourcecode.swift; path = "Date+extensions.swift"; sourceTree = "<group>"; };
/* End PBXFileReference section */

/* Begin PBXFrameworksBuildPhase section */
		AD35C37C21BE6F64003E3B0C /* Frameworks */ = {
			isa = PBXFrameworksBuildPhase;
			buildActionMask = 2147483647;
			files = (
			);
			runOnlyForDeploymentPostprocessing = 0;
		};
/* End PBXFrameworksBuildPhase section */

/* Begin PBXGroup section */
		AD35C37621BE6F64003E3B0C = {
			isa = PBXGroup;
			children = (
				AD35C38121BE6F64003E3B0C /* PPExtensions */,
				AD35C38021BE6F64003E3B0C /* Products */,
			);
			sourceTree = "<group>";
		};
		AD35C38021BE6F64003E3B0C /* Products */ = {
			isa = PBXGroup;
			children = (
				AD35C37F21BE6F64003E3B0C /* PPExtensions.app */,
			);
			name = Products;
			sourceTree = "<group>";
		};
		AD35C38121BE6F64003E3B0C /* PPExtensions */ = {
			isa = PBXGroup;
			children = (
				AD35C3A321BE6FC5003E3B0C /* Source */,
				AD35C38221BE6F64003E3B0C /* AppDelegate.swift */,
				AD35C38921BE6F65003E3B0C /* Assets.xcassets */,
				AD35C38B21BE6F65003E3B0C /* LaunchScreen.storyboard */,
				AD35C38E21BE6F65003E3B0C /* Info.plist */,
			);
			path = PPExtensions;
			sourceTree = "<group>";
		};
		AD35C3A321BE6FC5003E3B0C /* Source */ = {
			isa = PBXGroup;
			children = (
				AD35C3A421BE6FC5003E3B0C /* UIImageView+extensions.swift */,
				AD35C3A521BE6FC5003E3B0C /* UIViewController+extensions.swift */,
				AD35C3A621BE6FC5003E3B0C /* UIButton+extensions.swift */,
				AD35C3A721BE6FC5003E3B0C /* UIView+extensions.swift */,
				AD35C3A821BE6FC5003E3B0C /* UIScreen+extensions.swift */,
				AD35C3A921BE6FC5003E3B0C /* UserDefaults+extensions.swift */,
				AD35C3AA21BE6FC5003E3B0C /* UIScrollView+extensions.swift */,
				AD35C3AB21BE6FC5003E3B0C /* Date+extensions.swift */,
			);
			path = Source;
			sourceTree = "<group>";
		};
/* End PBXGroup section */

/* Begin PBXNativeTarget section */
		AD35C37E21BE6F64003E3B0C /* PPExtensions */ = {
			isa = PBXNativeTarget;
			buildConfigurationList = AD35C39121BE6F65003E3B0C /* Build configuration list for PBXNativeTarget "PPExtensions" */;
			buildPhases = (
				AD35C37B21BE6F64003E3B0C /* Sources */,
				AD35C37C21BE6F64003E3B0C /* Frameworks */,
				AD35C37D21BE6F64003E3B0C /* Resources */,
			);
			buildRules = (
			);
			dependencies = (
			);
			name = PPExtensions;
			productName = PPExtensions;
			productReference = AD35C37F21BE6F64003E3B0C /* PPExtensions.app */;
			productType = "com.apple.product-type.application";
		};
/* End PBXNativeTarget section */

/* Begin PBXProject section */
		AD35C37721BE6F64003E3B0C /* Project object */ = {
			isa = PBXProject;
			attributes = {
				LastSwiftUpdateCheck = 1010;
				LastUpgradeCheck = 1010;
				ORGANIZATIONNAME = Vernon;
				TargetAttributes = {
					AD35C37E21BE6F64003E3B0C = {
						CreatedOnToolsVersion = 10.1;
					};
				};
			};
			buildConfigurationList = AD35C37A21BE6F64003E3B0C /* Build configuration list for PBXProject "PPExtensions" */;
			compatibilityVersion = "Xcode 9.3";
			developmentRegion = en;
			hasScannedForEncodings = 0;
			knownRegions = (
				en,
				Base,
			);
			mainGroup = AD35C37621BE6F64003E3B0C;
			productRefGroup = AD35C38021BE6F64003E3B0C /* Products */;
			projectDirPath = "";
			projectRoot = "";
			targets = (
				AD35C37E21BE6F64003E3B0C /* PPExtensions */,
			);
		};
/* End PBXProject section */

/* Begin PBXResourcesBuildPhase section */
		AD35C37D21BE6F64003E3B0C /* Resources */ = {
			isa = PBXResourcesBuildPhase;
			buildActionMask = 2147483647;
			files = (
				AD35C38D21BE6F65003E3B0C /* LaunchScreen.storyboard in Resources */,
				AD35C38A21BE6F65003E3B0C /* Assets.xcassets in Resources */,
			);
			runOnlyForDeploymentPostprocessing = 0;
		};
/* End PBXResourcesBuildPhase section */

/* Begin PBXSourcesBuildPhase section */
		AD35C37B21BE6F64003E3B0C /* Sources */ = {
			isa = PBXSourcesBuildPhase;
			buildActionMask = 2147483647;
			files = (
				AD35C3AF21BE6FC5003E3B0C /* UIView+extensions.swift in Sources */,
				AD35C3B221BE6FC5003E3B0C /* UIScrollView+extensions.swift in Sources */,
				AD35C3AE21BE6FC5003E3B0C /* UIButton+extensions.swift in Sources */,
				AD35C3B121BE6FC5003E3B0C /* UserDefaults+extensions.swift in Sources */,
				AD35C3B021BE6FC5003E3B0C /* UIScreen+extensions.swift in Sources */,
				AD35C3B321BE6FC5003E3B0C /* Date+extensions.swift in Sources */,
				AD35C3AD21BE6FC5003E3B0C /* UIViewController+extensions.swift in Sources */,
				AD35C3AC21BE6FC5003E3B0C /* UIImageView+extensions.swift in Sources */,
				AD35C38321BE6F64003E3B0C /* AppDelegate.swift in Sources */,
			);
			runOnlyForDeploymentPostprocessing = 0;
		};
/* End PBXSourcesBuildPhase section */

/* Begin PBXVariantGroup section */
		AD35C38B21BE6F65003E3B0C /* LaunchScreen.storyboard */ = {
			isa = PBXVariantGroup;
			children = (
				AD35C38C21BE6F65003E3B0C /* Base */,
			);
			name = LaunchScreen.storyboard;
			sourceTree = "<group>";
		};
/* End PBXVariantGroup section */

/* Begin XCBuildConfiguration section */
		AD35C38F21BE6F65003E3B0C /* Debug */ = {
			isa = XCBuildConfiguration;
			buildSettings = {
				ALWAYS_SEARCH_USER_PATHS = NO;
				CLANG_ANALYZER_NONNULL = YES;
				CLANG_ANALYZER_NUMBER_OBJECT_CONVERSION = YES_AGGRESSIVE;
				CLANG_CXX_LANGUAGE_STANDARD = "gnu++14";
				CLANG_CXX_LIBRARY = "libc++";
				CLANG_ENABLE_MODULES = YES;
				CLANG_ENABLE_OBJC_ARC = YES;
				CLANG_ENABLE_OBJC_WEAK = YES;
				CLANG_WARN_BLOCK_CAPTURE_AUTORELEASING = YES;
				CLANG_WARN_BOOL_CONVERSION = YES;
				CLANG_WARN_COMMA = YES;
				CLANG_WARN_CONSTANT_CONVERSION = YES;
				CLANG_WARN_DEPRECATED_OBJC_IMPLEMENTATIONS = YES;
				CLANG_WARN_DIRECT_OBJC_ISA_USAGE = YES_ERROR;
				CLANG_WARN_DOCUMENTATION_COMMENTS = YES;
				CLANG_WARN_EMPTY_BODY = YES;
				CLANG_WARN_ENUM_CONVERSION = YES;
				CLANG_WARN_INFINITE_RECURSION = YES;
				CLANG_WARN_INT_CONVERSION = YES;
				CLANG_WARN_NON_LITERAL_NULL_CONVERSION = YES;
				CLANG_WARN_OBJC_IMPLICIT_RETAIN_SELF = YES;
				CLANG_WARN_OBJC_LITERAL_CONVERSION = YES;
				CLANG_WARN_OBJC_ROOT_CLASS = YES_ERROR;
				CLANG_WARN_RANGE_LOOP_ANALYSIS = YES;
				CLANG_WARN_STRICT_PROTOTYPES = YES;
				CLANG_WARN_SUSPICIOUS_MOVE = YES;
				CLANG_WARN_UNGUARDED_AVAILABILITY = YES_AGGRESSIVE;
				CLANG_WARN_UNREACHABLE_CODE = YES;
				CLANG_WARN__DUPLICATE_METHOD_MATCH = YES;
				CODE_SIGN_IDENTITY = "iPhone Developer";
				COPY_PHASE_STRIP = NO;
				DEBUG_INFORMATION_FORMAT = dwarf;
				ENABLE_STRICT_OBJC_MSGSEND = YES;
				ENABLE_TESTABILITY = YES;
				GCC_C_LANGUAGE_STANDARD = gnu11;
				GCC_DYNAMIC_NO_PIC = NO;
				GCC_NO_COMMON_BLOCKS = YES;
				GCC_OPTIMIZATION_LEVEL = 0;
				GCC_PREPROCESSOR_DEFINITIONS = (
					"DEBUG=1",
					"$(inherited)",
				);
				GCC_WARN_64_TO_32_BIT_CONVERSION = YES;
				GCC_WARN_ABOUT_RETURN_TYPE = YES_ERROR;
				GCC_WARN_UNDECLARED_SELECTOR = YES;
				GCC_WARN_UNINITIALIZED_AUTOS = YES_AGGRESSIVE;
				GCC_WARN_UNUSED_FUNCTION = YES;
				GCC_WARN_UNUSED_VARIABLE = YES;
				IPHONEOS_DEPLOYMENT_TARGET = 12.1;
				MTL_ENABLE_DEBUG_INFO = INCLUDE_SOURCE;
				MTL_FAST_MATH = YES;
				ONLY_ACTIVE_ARCH = YES;
				SDKROOT = iphoneos;
				SWIFT_ACTIVE_COMPILATION_CONDITIONS = DEBUG;
				SWIFT_OPTIMIZATION_LEVEL = "-Onone";
			};
			name = Debug;
		};
		AD35C39021BE6F65003E3B0C /* Release */ = {
			isa = XCBuildConfiguration;
			buildSettings = {
				ALWAYS_SEARCH_USER_PATHS = NO;
				CLANG_ANALYZER_NONNULL = YES;
				CLANG_ANALYZER_NUMBER_OBJECT_CONVERSION = YES_AGGRESSIVE;
				CLANG_CXX_LANGUAGE_STANDARD = "gnu++14";
				CLANG_CXX_LIBRARY = "libc++";
				CLANG_ENABLE_MODULES = YES;
				CLANG_ENABLE_OBJC_ARC = YES;
				CLANG_ENABLE_OBJC_WEAK = YES;
				CLANG_WARN_BLOCK_CAPTURE_AUTORELEASING = YES;
				CLANG_WARN_BOOL_CONVERSION = YES;
				CLANG_WARN_COMMA = YES;
				CLANG_WARN_CONSTANT_CONVERSION = YES;
				CLANG_WARN_DEPRECATED_OBJC_IMPLEMENTATIONS = YES;
				CLANG_WARN_DIRECT_OBJC_ISA_USAGE = YES_ERROR;
				CLANG_WARN_DOCUMENTATION_COMMENTS = YES;
				CLANG_WARN_EMPTY_BODY = YES;
				CLANG_WARN_ENUM_CONVERSION = YES;
				CLANG_WARN_INFINITE_RECURSION = YES;
				CLANG_WARN_INT_CONVERSION = YES;
				CLANG_WARN_NON_LITERAL_NULL_CONVERSION = YES;
				CLANG_WARN_OBJC_IMPLICIT_RETAIN_SELF = YES;
				CLANG_WARN_OBJC_LITERAL_CONVERSION = YES;
				CLANG_WARN_OBJC_ROOT_CLASS = YES_ERROR;
				CLANG_WARN_RANGE_LOOP_ANALYSIS = YES;
				CLANG_WARN_STRICT_PROTOTYPES = YES;
				CLANG_WARN_SUSPICIOUS_MOVE = YES;
				CLANG_WARN_UNGUARDED_AVAILABILITY = YES_AGGRESSIVE;
				CLANG_WARN_UNREACHABLE_CODE = YES;
				CLANG_WARN__DUPLICATE_METHOD_MATCH = YES;
				CODE_SIGN_IDENTITY = "iPhone Developer";
				COPY_PHASE_STRIP = NO;
				DEBUG_INFORMATION_FORMAT = "dwarf-with-dsym";
				ENABLE_NS_ASSERTIONS = NO;
				ENABLE_STRICT_OBJC_MSGSEND = YES;
				GCC_C_LANGUAGE_STANDARD = gnu11;
				GCC_NO_COMMON_BLOCKS = YES;
				GCC_WARN_64_TO_32_BIT_CONVERSION = YES;
				GCC_WARN_ABOUT_RETURN_TYPE = YES_ERROR;
				GCC_WARN_UNDECLARED_SELECTOR = YES;
				GCC_WARN_UNINITIALIZED_AUTOS = YES_AGGRESSIVE;
				GCC_WARN_UNUSED_FUNCTION = YES;
				GCC_WARN_UNUSED_VARIABLE = YES;
				IPHONEOS_DEPLOYMENT_TARGET = 12.1;
				MTL_ENABLE_DEBUG_INFO = NO;
				MTL_FAST_MATH = YES;
				SDKROOT = iphoneos;
				SWIFT_COMPILATION_MODE = wholemodule;
				SWIFT_OPTIMIZATION_LEVEL = "-O";
				VALIDATE_PRODUCT = YES;
			};
			name = Release;
		};
		AD35C39221BE6F65003E3B0C /* Debug */ = {
			isa = XCBuildConfiguration;
			buildSettings = {
				ASSETCATALOG_COMPILER_APPICON_NAME = AppIcon;
				CODE_SIGN_STYLE = Automatic;
				INFOPLIST_FILE = PPExtensions/Info.plist;
				LD_RUNPATH_SEARCH_PATHS = (
					"$(inherited)",
					"@executable_path/Frameworks",
				);
				PRODUCT_BUNDLE_IDENTIFIER = com.vernonvan.PPExtensions;
				PRODUCT_NAME = "$(TARGET_NAME)";
				SWIFT_VERSION = 4.2;
				TARGETED_DEVICE_FAMILY = "1,2";
			};
			name = Debug;
		};
		AD35C39321BE6F65003E3B0C /* Release */ = {
			isa = XCBuildConfiguration;
			buildSettings = {
				ASSETCATALOG_COMPILER_APPICON_NAME = AppIcon;
				CODE_SIGN_STYLE = Automatic;
				INFOPLIST_FILE = PPExtensions/Info.plist;
				LD_RUNPATH_SEARCH_PATHS = (
					"$(inherited)",
					"@executable_path/Frameworks",
				);
				PRODUCT_BUNDLE_IDENTIFIER = com.vernonvan.PPExtensions;
				PRODUCT_NAME = "$(TARGET_NAME)";
				SWIFT_VERSION = 4.2;
				TARGETED_DEVICE_FAMILY = "1,2";
			};
			name = Release;
		};
/* End XCBuildConfiguration section */

/* Begin XCConfigurationList section */
		AD35C37A21BE6F64003E3B0C /* Build configuration list for PBXProject "PPExtensions" */ = {
			isa = XCConfigurationList;
			buildConfigurations = (
				AD35C38F21BE6F65003E3B0C /* Debug */,
				AD35C39021BE6F65003E3B0C /* Release */,
			);
			defaultConfigurationIsVisible = 0;
			defaultConfigurationName = Release;
		};
		AD35C39121BE6F65003E3B0C /* Build configuration list for PBXNativeTarget "PPExtensions" */ = {
			isa = XCConfigurationList;
			buildConfigurations = (
				AD35C39221BE6F65003E3B0C /* Debug */,
				AD35C39321BE6F65003E3B0C /* Release */,
			);
			defaultConfigurationIsVisible = 0;
			defaultConfigurationName = Release;
		};
/* End XCConfigurationList section */
	};
	rootObject = AD35C37721BE6F64003E3B0C /* Project object */;
}
